{
  "name": "npm-init",
  "version": "0.0.1",
  "lockfileVersion": 1,
  "requires": true,
  "dependencies": {
    "scripts-sort": {
      "version": "0.0.2",
      "resolved": "https://registry.npmjs.org/scripts-sort/-/scripts-sort-0.0.2.tgz",
      "integrity": "sha512-mBd0DygF24rnKWdhtD5FCxhowgNYfhsNV+ZbMiw+CmG+lwr19dT9w1XCpkGZjmDPDno3sCLPKr/5OY7XHXsa3g=="
    }
  }
}
